
Microsoft Visual Studio Solution File, Format Version 12.00
# Visual Studio Version 17
VisualStudioVersion = 17.2.32602.215
MinimumVisualStudioVersion = 10.0.40219.1
Project("{FAE04EC0-301F-11D3-BF4B-00C04F79EFBC}") = "DISC", "DISC\DISC.csproj", "{E62EBF1B-2585-49FF-BC70-0C2CAC4EACBA}"
EndProject
Global
	GlobalSection(SolutionConfigurationPlatforms) = preSolution
		Debug|Any CPU = Debug|Any CPU
		Release|Any CPU = Release|Any CPU
	EndGlobalSection
	GlobalSection(ProjectConfigurationPlatforms) = postSolution
		{E62EBF1B-2585-49FF-BC70-0C2CAC4EACBA}.Debug|Any CPU.ActiveCfg = Debug|Any CPU
		{E62EBF1B-2585-49FF-BC70-0C2CAC4EACBA}.Debug|Any CPU.Build.0 = Debug|Any CPU
		{E62EBF1B-2585-49FF-BC70-0C2CAC4EACBA}.Release|Any CPU.ActiveCfg = Release|Any CPU
		{E62EBF1B-2585-49FF-BC70-0C2CAC4EACBA}.Release|Any CPU.Build.0 = Release|Any CPU
	EndGlobalSection
	GlobalSection(SolutionProperties) = preSolution
		HideSolutionNode = FALSE
	EndGlobalSection
	GlobalSection(ExtensibilityGlobals) = postSolution
		SolutionGuid = {EFFFAE02-6302-4603-8C53-1B5D760F7D99}
	EndGlobalSection
EndGlobal
